
Microsoft Visual Studio Solution File, Format Version 12.00
# Visual Studio Version 17
VisualStudioVersion = 17.3.32825.248
MinimumVisualStudioVersion = 10.0.40219.1
Project("{9A19103F-16F7-4668-BE54-9A1E7A4F7556}") = "Application", "Application\Application.csproj", "{1896A039-456A-48A7-AB4B-B5423BC03F46}"
EndProject
Project("{9A19103F-16F7-4668-BE54-9A1E7A4F7556}") = "Infrastructure", "BoxFactoryOnion\Infrastructure.csproj", "{FE23AE5A-6BF4-4892-8F98-7412410B8F58}"
EndProject
Project("{9A19103F-16F7-4668-BE54-9A1E7A4F7556}") = "Domain", "Domain\Domain.csproj", "{B5953987-B6BF-4BE2-BECC-82F9F3D72579}"
EndProject
Project("{FAE04EC0-301F-11D3-BF4B-00C04F79EFBC}") = "API", "API\API.csproj", "{570B4BF7-8478-44AF-9312-4C7C2FD4D33F}"
EndProject
Global
	GlobalSection(SolutionConfigurationPlatforms) = preSolution
		Debug|Any CPU = Debug|Any CPU
		Release|Any CPU = Release|Any CPU
	EndGlobalSection
	GlobalSection(ProjectConfigurationPlatforms) = postSolution
		{1896A039-456A-48A7-AB4B-B5423BC03F46}.Debug|Any CPU.ActiveCfg = Debug|Any CPU
		{1896A039-456A-48A7-AB4B-B5423BC03F46}.Debug|Any CPU.Build.0 = Debug|Any CPU
		{1896A039-456A-48A7-AB4B-B5423BC03F46}.Release|Any CPU.ActiveCfg = Release|Any CPU
		{1896A039-456A-48A7-AB4B-B5423BC03F46}.Release|Any CPU.Build.0 = Release|Any CPU
		{FE23AE5A-6BF4-4892-8F98-7412410B8F58}.Debug|Any CPU.ActiveCfg = Debug|Any CPU
		{FE23AE5A-6BF4-4892-8F98-7412410B8F58}.Debug|Any CPU.Build.0 = Debug|Any CPU
		{FE23AE5A-6BF4-4892-8F98-7412410B8F58}.Release|Any CPU.ActiveCfg = Release|Any CPU
		{FE23AE5A-6BF4-4892-8F98-7412410B8F58}.Release|Any CPU.Build.0 = Release|Any CPU
		{B5953987-B6BF-4BE2-BECC-82F9F3D72579}.Debug|Any CPU.ActiveCfg = Debug|Any CPU
		{B5953987-B6BF-4BE2-BECC-82F9F3D72579}.Debug|Any CPU.Build.0 = Debug|Any CPU
		{B5953987-B6BF-4BE2-BECC-82F9F3D72579}.Release|Any CPU.ActiveCfg = Release|Any CPU
		{B5953987-B6BF-4BE2-BECC-82F9F3D72579}.Release|Any CPU.Build.0 = Release|Any CPU
		{570B4BF7-8478-44AF-9312-4C7C2FD4D33F}.Debug|Any CPU.ActiveCfg = Debug|Any CPU
		{570B4BF7-8478-44AF-9312-4C7C2FD4D33F}.Debug|Any CPU.Build.0 = Debug|Any CPU
		{570B4BF7-8478-44AF-9312-4C7C2FD4D33F}.Release|Any CPU.ActiveCfg = Release|Any CPU
		{570B4BF7-8478-44AF-9312-4C7C2FD4D33F}.Release|Any CPU.Build.0 = Release|Any CPU
	EndGlobalSection
	GlobalSection(SolutionProperties) = preSolution
		HideSolutionNode = FALSE
	EndGlobalSection
	GlobalSection(ExtensibilityGlobals) = postSolution
		SolutionGuid = {8E778992-1241-468F-BF12-3359DB6AF22E}
	EndGlobalSection
EndGlobal
